// !$*UTF8*$!
{
	archiveVersion = 1;
	classes = {
	};
	objectVersion = 56;
	objects = {

/* Begin PBXBuildFile section */
		433D33A028E68DCE001FC3C5 /* AnimatedTabIconApp.swift in Sources */ = {isa = PBXBuildFile; fileRef = 433D339F28E68DCE001FC3C5 /* AnimatedTabIconApp.swift */; };
		433D33A228E68DCE001FC3C5 /* ContentView.swift in Sources */ = {isa = PBXBuildFile; fileRef = 433D33A128E68DCE001FC3C5 /* ContentView.swift */; };
		433D33A428E68DD0001FC3C5 /* Assets.xcassets in Resources */ = {isa = PBXBuildFile; fileRef = 433D33A328E68DD0001FC3C5 /* Assets.xcassets */; };
		433D33A828E68DD0001FC3C5 /* Preview Assets.xcassets in Resources */ = {isa = PBXBuildFile; fileRef = 433D33A728E68DD0001FC3C5 /* Preview Assets.xcassets */; };
		433D33B228E68DD0001FC3C5 /* AnimatedTabIconTests.swift in Sources */ = {isa = PBXBuildFile; fileRef = 433D33B128E68DD0001FC3C5 /* AnimatedTabIconTests.swift */; };
		433D33BC28E68DD0001FC3C5 /* AnimatedTabIconUITests.swift in Sources */ = {isa = PBXBuildFile; fileRef = 433D33BB28E68DD0001FC3C5 /* AnimatedTabIconUITests.swift */; };
		433D33BE28E68DD0001FC3C5 /* AnimatedTabIconUITestsLaunchTests.swift in Sources */ = {isa = PBXBuildFile; fileRef = 433D33BD28E68DD0001FC3C5 /* AnimatedTabIconUITestsLaunchTests.swift */; };
/* End PBXBuildFile section */

/* Begin PBXContainerItemProxy section */
		433D33AE28E68DD0001FC3C5 /* PBXContainerItemProxy */ = {
			isa = PBXContainerItemProxy;
			containerPortal = 433D339428E68DCE001FC3C5 /* Project object */;
			proxyType = 1;
			remoteGlobalIDString = 433D339B28E68DCE001FC3C5;
			remoteInfo = AnimatedTabIcon;
		};
		433D33B828E68DD0001FC3C5 /* PBXContainerItemProxy */ = {
			isa = PBXContainerItemProxy;
			containerPortal = 433D339428E68DCE001FC3C5 /* Project object */;
			proxyType = 1;
			remoteGlobalIDString = 433D339B28E68DCE001FC3C5;
			remoteInfo = AnimatedTabIcon;
		};
/* End PBXContainerItemProxy section */

/* Begin PBXFileReference section */
		433D339C28E68DCE001FC3C5 /* AnimatedTabIcon.app */ = {isa = PBXFileReference; explicitFileType = wrapper.application; includeInIndex = 0; path = AnimatedTabIcon.app; sourceTree = BUILT_PRODUCTS_DIR; };
		433D339F28E68DCE001FC3C5 /* AnimatedTabIconApp.swift */ = {isa = PBXFileReference; lastKnownFileType = sourcecode.swift; path = AnimatedTabIconApp.swift; sourceTree = "<group>"; };
		433D33A128E68DCE001FC3C5 /* ContentView.swift */ = {isa = PBXFileReference; lastKnownFileType = sourcecode.swift; path = ContentView.swift; sourceTree = "<group>"; };
		433D33A328E68DD0001FC3C5 /* Assets.xcassets */ = {isa = PBXFileReference; lastKnownFileType = folder.assetcatalog; path = Assets.xcassets; sourceTree = "<group>"; };
		433D33A528E68DD0001FC3C5 /* AnimatedTabIcon.entitlements */ = {isa = PBXFileReference; lastKnownFileType = text.plist.entitlements; path = AnimatedTabIcon.entitlements; sourceTree = "<group>"; };
		433D33A728E68DD0001FC3C5 /* Preview Assets.xcassets */ = {isa = PBXFileReference; lastKnownFileType = folder.assetcatalog; path = "Preview Assets.xcassets"; sourceTree = "<group>"; };
		433D33AD28E68DD0001FC3C5 /* AnimatedTabIconTests.xctest */ = {isa = PBXFileReference; explicitFileType = wrapper.cfbundle; includeInIndex = 0; path = AnimatedTabIconTests.xctest; sourceTree = BUILT_PRODUCTS_DIR; };
		433D33B128E68DD0001FC3C5 /* AnimatedTabIconTests.swift */ = {isa = PBXFileReference; lastKnownFileType = sourcecode.swift; path = AnimatedTabIconTests.swift; sourceTree = "<group>"; };
		433D33B728E68DD0001FC3C5 /* AnimatedTabIconUITests.xctest */ = {isa = PBXFileReference; explicitFileType = wrapper.cfbundle; includeInIndex = 0; path = AnimatedTabIconUITests.xctest; sourceTree = BUILT_PRODUCTS_DIR; };
		433D33BB28E68DD0001FC3C5 /* AnimatedTabIconUITests.swift */ = {isa = PBXFileReference; lastKnownFileType = sourcecode.swift; path = AnimatedTabIconUITests.swift; sourceTree = "<group>"; };
		433D33BD28E68DD0001FC3C5 /* AnimatedTabIconUITestsLaunchTests.swift */ = {isa = PBXFileReference; lastKnownFileType = sourcecode.swift; path = AnimatedTabIconUITestsLaunchTests.swift; sourceTree = "<group>"; };
/* End PBXFileReference section */

/* Begin PBXFrameworksBuildPhase section */
		433D339928E68DCE001FC3C5 /* Frameworks */ = {
			isa = PBXFrameworksBuildPhase;
			buildActionMask = 2147483647;
			files = (
			);
			runOnlyForDeploymentPostprocessing = 0;
		};
		433D33AA28E68DD0001FC3C5 /* Frameworks */ = {
			isa = PBXFrameworksBuildPhase;
			buildActionMask = 2147483647;
			files = (
			);
			runOnlyForDeploymentPostprocessing = 0;
		};
		433D33B428E68DD0001FC3C5 /* Frameworks */ = {
			isa = PBXFrameworksBuildPhase;
			buildActionMask = 2147483647;
			files = (
			);
			runOnlyForDeploymentPostprocessing = 0;
		};
/* End PBXFrameworksBuildPhase section */

/* Begin PBXGroup section */
		433D339328E68DCE001FC3C5 = {
			isa = PBXGroup;
			children = (
				433D339E28E68DCE001FC3C5 /* AnimatedTabIcon */,
				433D33B028E68DD0001FC3C5 /* AnimatedTabIconTests */,
				433D33BA28E68DD0001FC3C5 /* AnimatedTabIconUITests */,
				433D339D28E68DCE001FC3C5 /* Products */,
			);
			sourceTree = "<group>";
		};
		433D339D28E68DCE001FC3C5 /* Products */ = {
			isa = PBXGroup;
			children = (
				433D339C28E68DCE001FC3C5 /* AnimatedTabIcon.app */,
				433D33AD28E68DD0001FC3C5 /* AnimatedTabIconTests.xctest */,
				433D33B728E68DD0001FC3C5 /* AnimatedTabIconUITests.xctest */,
			);
			name = Products;
			sourceTree = "<group>";
		};
		433D339E28E68DCE001FC3C5 /* AnimatedTabIcon */ = {
			isa = PBXGroup;
			children = (
				433D339F28E68DCE001FC3C5 /* AnimatedTabIconApp.swift */,
				433D33A128E68DCE001FC3C5 /* ContentView.swift */,
				433D33A328E68DD0001FC3C5 /* Assets.xcassets */,
				433D33A528E68DD0001FC3C5 /* AnimatedTabIcon.entitlements */,
				433D33A628E68DD0001FC3C5 /* Preview Content */,
			);
			path = AnimatedTabIcon;
			sourceTree = "<group>";
		};
		433D33A628E68DD0001FC3C5 /* Preview Content */ = {
			isa = PBXGroup;
			children = (
				433D33A728E68DD0001FC3C5 /* Preview Assets.xcassets */,
			);
			path = "Preview Content";
			sourceTree = "<group>";
		};
		433D33B028E68DD0001FC3C5 /* AnimatedTabIconTests */ = {
			isa = PBXGroup;
			children = (
				433D33B128E68DD0001FC3C5 /* AnimatedTabIconTests.swift */,
			);
			path = AnimatedTabIconTests;
			sourceTree = "<group>";
		};
		433D33BA28E68DD0001FC3C5 /* AnimatedTabIconUITests */ = {
			isa = PBXGroup;
			children = (
				433D33BB28E68DD0001FC3C5 /* AnimatedTabIconUITests.swift */,
				433D33BD28E68DD0001FC3C5 /* AnimatedTabIconUITestsLaunchTests.swift */,
			);
			path = AnimatedTabIconUITests;
			sourceTree = "<group>";
		};
/* End PBXGroup section */

/* Begin PBXNativeTarget section */
		433D339B28E68DCE001FC3C5 /* AnimatedTabIcon */ = {
			isa = PBXNativeTarget;
			buildConfigurationList = 433D33C128E68DD1001FC3C5 /* Build configuration list for PBXNativeTarget "AnimatedTabIcon" */;
			buildPhases = (
				433D339828E68DCE001FC3C5 /* Sources */,
				433D339928E68DCE001FC3C5 /* Frameworks */,
				433D339A28E68DCE001FC3C5 /* Resources */,
			);
			buildRules = (
			);
			dependencies = (
			);
			name = AnimatedTabIcon;
			productName = AnimatedTabIcon;
			productReference = 433D339C28E68DCE001FC3C5 /* AnimatedTabIcon.app */;
			productType = "com.apple.product-type.application";
		};
		433D33AC28E68DD0001FC3C5 /* AnimatedTabIconTests */ = {
			isa = PBXNativeTarget;
			buildConfigurationList = 433D33C428E68DD1001FC3C5 /* Build configuration list for PBXNativeTarget "AnimatedTabIconTests" */;
			buildPhases = (
				433D33A928E68DD0001FC3C5 /* Sources */,
				433D33AA28E68DD0001FC3C5 /* Frameworks */,
				433D33AB28E68DD0001FC3C5 /* Resources */,
			);
			buildRules = (
			);
			dependencies = (
				433D33AF28E68DD0001FC3C5 /* PBXTargetDependency */,
			);
			name = AnimatedTabIconTests;
			productName = AnimatedTabIconTests;
			productReference = 433D33AD28E68DD0001FC3C5 /* AnimatedTabIconTests.xctest */;
			productType = "com.apple.product-type.bundle.unit-test";
		};
		433D33B628E68DD0001FC3C5 /* AnimatedTabIconUITests */ = {
			isa = PBXNativeTarget;
			buildConfigurationList = 433D33C728E68DD1001FC3C5 /* Build configuration list for PBXNativeTarget "AnimatedTabIconUITests" */;
			buildPhases = (
				433D33B328E68DD0001FC3C5 /* Sources */,
				433D33B428E68DD0001FC3C5 /* Frameworks */,
				433D33B528E68DD0001FC3C5 /* Resources */,
			);
			buildRules = (
			);
			dependencies = (
				433D33B928E68DD0001FC3C5 /* PBXTargetDependency */,
			);
			name = AnimatedTabIconUITests;
			productName = AnimatedTabIconUITests;
			productReference = 433D33B728E68DD0001FC3C5 /* AnimatedTabIconUITests.xctest */;
			productType = "com.apple.product-type.bundle.ui-testing";
		};
/* End PBXNativeTarget section */

/* Begin PBXProject section */
		433D339428E68DCE001FC3C5 /* Project object */ = {
			isa = PBXProject;
			attributes = {
				BuildIndependentTargetsInParallel = 1;
				LastSwiftUpdateCheck = 1400;
				LastUpgradeCheck = 1400;
				TargetAttributes = {
					433D339B28E68DCE001FC3C5 = {
						CreatedOnToolsVersion = 14.0.1;
					};
					433D33AC28E68DD0001FC3C5 = {
						CreatedOnToolsVersion = 14.0.1;
						TestTargetID = 433D339B28E68DCE001FC3C5;
					};
					433D33B628E68DD0001FC3C5 = {
						CreatedOnToolsVersion = 14.0.1;
						TestTargetID = 433D339B28E68DCE001FC3C5;
					};
				};
			};
			buildConfigurationList = 433D339728E68DCE001FC3C5 /* Build configuration list for PBXProject "AnimatedTabIcon" */;
			compatibilityVersion = "Xcode 14.0";
			developmentRegion = en;
			hasScannedForEncodings = 0;
			knownRegions = (
				en,
				Base,
			);
			mainGroup = 433D339328E68DCE001FC3C5;
			productRefGroup = 433D339D28E68DCE001FC3C5 /* Products */;
			projectDirPath = "";
			projectRoot = "";
			targets = (
				433D339B28E68DCE001FC3C5 /* AnimatedTabIcon */,
				433D33AC28E68DD0001FC3C5 /* AnimatedTabIconTests */,
				433D33B628E68DD0001FC3C5 /* AnimatedTabIconUITests */,
			);
		};
/* End PBXProject section */

/* Begin PBXResourcesBuildPhase section */
		433D339A28E68DCE001FC3C5 /* Resources */ = {
			isa = PBXResourcesBuildPhase;
			buildActionMask = 2147483647;
			files = (
				433D33A828E68DD0001FC3C5 /* Preview Assets.xcassets in Resources */,
				433D33A428E68DD0001FC3C5 /* Assets.xcassets in Resources */,
			);
			runOnlyForDeploymentPostprocessing = 0;
		};
		433D33AB28E68DD0001FC3C5 /* Resources */ = {
			isa = PBXResourcesBuildPhase;
			buildActionMask = 2147483647;
			files = (
			);
			runOnlyForDeploymentPostprocessing = 0;
		};
		433D33B528E68DD0001FC3C5 /* Resources */ = {
			isa = PBXResourcesBuildPhase;
			buildActionMask = 2147483647;
			files = (
			);
			runOnlyForDeploymentPostprocessing = 0;
		};
/* End PBXResourcesBuildPhase section */

/* Begin PBXSourcesBuildPhase section */
		433D339828E68DCE001FC3C5 /* Sources */ = {
			isa = PBXSourcesBuildPhase;
			buildActionMask = 2147483647;
			files = (
				433D33A228E68DCE001FC3C5 /* ContentView.swift in Sources */,
				433D33A028E68DCE001FC3C5 /* AnimatedTabIconApp.swift in Sources */,
			);
			runOnlyForDeploymentPostprocessing = 0;
		};
		433D33A928E68DD0001FC3C5 /* Sources */ = {
			isa = PBXSourcesBuildPhase;
			buildActionMask = 2147483647;
			files = (
				433D33B228E68DD0001FC3C5 /* AnimatedTabIconTests.swift in Sources */,
			);
			runOnlyForDeploymentPostprocessing = 0;
		};
		433D33B328E68DD0001FC3C5 /* Sources */ = {
			isa = PBXSourcesBuildPhase;
			buildActionMask = 2147483647;
			files = (
				433D33BE28E68DD0001FC3C5 /* AnimatedTabIconUITestsLaunchTests.swift in Sources */,
				433D33BC28E68DD0001FC3C5 /* AnimatedTabIconUITests.swift in Sources */,
			);
			runOnlyForDeploymentPostprocessing = 0;
		};
/* End PBXSourcesBuildPhase section */

/* Begin PBXTargetDependency section */
		433D33AF28E68DD0001FC3C5 /* PBXTargetDependency */ = {
			isa = PBXTargetDependency;
			target = 433D339B28E68DCE001FC3C5 /* AnimatedTabIcon */;
			targetProxy = 433D33AE28E68DD0001FC3C5 /* PBXContainerItemProxy */;
		};
		433D33B928E68DD0001FC3C5 /* PBXTargetDependency */ = {
			isa = PBXTargetDependency;
			target = 433D339B28E68DCE001FC3C5 /* AnimatedTabIcon */;
			targetProxy = 433D33B828E68DD0001FC3C5 /* PBXContainerItemProxy */;
		};
/* End PBXTargetDependency section */

/* Begin XCBuildConfiguration section */
		433D33BF28E68DD0001FC3C5 /* Debug */ = {
			isa = XCBuildConfiguration;
			buildSettings = {
				ALWAYS_SEARCH_USER_PATHS = NO;
				CLANG_ANALYZER_NONNULL = YES;
				CLANG_ANALYZER_NUMBER_OBJECT_CONVERSION = YES_AGGRESSIVE;
				CLANG_CXX_LANGUAGE_STANDARD = "gnu++20";
				CLANG_ENABLE_MODULES = YES;
				CLANG_ENABLE_OBJC_ARC = YES;
				CLANG_ENABLE_OBJC_WEAK = YES;
				CLANG_WARN_BLOCK_CAPTURE_AUTORELEASING = YES;
				CLANG_WARN_BOOL_CONVERSION = YES;
				CLANG_WARN_COMMA = YES;
				CLANG_WARN_CONSTANT_CONVERSION = YES;
				CLANG_WARN_DEPRECATED_OBJC_IMPLEMENTATIONS = YES;
				CLANG_WARN_DIRECT_OBJC_ISA_USAGE = YES_ERROR;
				CLANG_WARN_DOCUMENTATION_COMMENTS = YES;
				CLANG_WARN_EMPTY_BODY = YES;
				CLANG_WARN_ENUM_CONVERSION = YES;
				CLANG_WARN_INFINITE_RECURSION = YES;
				CLANG_WARN_INT_CONVERSION = YES;
				CLANG_WARN_NON_LITERAL_NULL_CONVERSION = YES;
				CLANG_WARN_OBJC_IMPLICIT_RETAIN_SELF = YES;
				CLANG_WARN_OBJC_LITERAL_CONVERSION = YES;
				CLANG_WARN_OBJC_ROOT_CLASS = YES_ERROR;
				CLANG_WARN_QUOTED_INCLUDE_IN_FRAMEWORK_HEADER = YES;
				CLANG_WARN_RANGE_LOOP_ANALYSIS = YES;
				CLANG_WARN_STRICT_PROTOTYPES = YES;
				CLANG_WARN_SUSPICIOUS_MOVE = YES;
				CLANG_WARN_UNGUARDED_AVAILABILITY = YES_AGGRESSIVE;
				CLANG_WARN_UNREACHABLE_CODE = YES;
				CLANG_WARN__DUPLICATE_METHOD_MATCH = YES;
				COPY_PHASE_STRIP = NO;
				DEBUG_INFORMATION_FORMAT = dwarf;
				ENABLE_STRICT_OBJC_MSGSEND = YES;
				ENABLE_TESTABILITY = YES;
				GCC_C_LANGUAGE_STANDARD = gnu11;
				GCC_DYNAMIC_NO_PIC = NO;
				GCC_NO_COMMON_BLOCKS = YES;
				GCC_OPTIMIZATION_LEVEL = 0;
				GCC_PREPROCESSOR_DEFINITIONS = (
					"DEBUG=1",
					"$(inherited)",
				);
				GCC_WARN_64_TO_32_BIT_CONVERSION = YES;
				GCC_WARN_ABOUT_RETURN_TYPE = YES_ERROR;
				GCC_WARN_UNDECLARED_SELECTOR = YES;
				GCC_WARN_UNINITIALIZED_AUTOS = YES_AGGRESSIVE;
				GCC_WARN_UNUSED_FUNCTION = YES;
				GCC_WARN_UNUSED_VARIABLE = YES;
				MTL_ENABLE_DEBUG_INFO = INCLUDE_SOURCE;
				MTL_FAST_MATH = YES;
				ONLY_ACTIVE_ARCH = YES;
				SWIFT_ACTIVE_COMPILATION_CONDITIONS = DEBUG;
				SWIFT_OPTIMIZATION_LEVEL = "-Onone";
			};
			name = Debug;
		};
		433D33C028E68DD1001FC3C5 /* Release */ = {
			isa = XCBuildConfiguration;
			buildSettings = {
				ALWAYS_SEARCH_USER_PATHS = NO;
				CLANG_ANALYZER_NONNULL = YES;
				CLANG_ANALYZER_NUMBER_OBJECT_CONVERSION = YES_AGGRESSIVE;
				CLANG_CXX_LANGUAGE_STANDARD = "gnu++20";
				CLANG_ENABLE_MODULES = YES;
				CLANG_ENABLE_OBJC_ARC = YES;
				CLANG_ENABLE_OBJC_WEAK = YES;
				CLANG_WARN_BLOCK_CAPTURE_AUTORELEASING = YES;
				CLANG_WARN_BOOL_CONVERSION = YES;
				CLANG_WARN_COMMA = YES;
				CLANG_WARN_CONSTANT_CONVERSION = YES;
				CLANG_WARN_DEPRECATED_OBJC_IMPLEMENTATIONS = YES;
				CLANG_WARN_DIRECT_OBJC_ISA_USAGE = YES_ERROR;
				CLANG_WARN_DOCUMENTATION_COMMENTS = YES;
				CLANG_WARN_EMPTY_BODY = YES;
				CLANG_WARN_ENUM_CONVERSION = YES;
				CLANG_WARN_INFINITE_RECURSION = YES;
				CLANG_WARN_INT_CONVERSION = YES;
				CLANG_WARN_NON_LITERAL_NULL_CONVERSION = YES;
				CLANG_WARN_OBJC_IMPLICIT_RETAIN_SELF = YES;
				CLANG_WARN_OBJC_LITERAL_CONVERSION = YES;
				CLANG_WARN_OBJC_ROOT_CLASS = YES_ERROR;
				CLANG_WARN_QUOTED_INCLUDE_IN_FRAMEWORK_HEADER = YES;
				CLANG_WARN_RANGE_LOOP_ANALYSIS = YES;
				CLANG_WARN_STRICT_PROTOTYPES = YES;
				CLANG_WARN_SUSPICIOUS_MOVE = YES;
				CLANG_WARN_UNGUARDED_AVAILABILITY = YES_AGGRESSIVE;
				CLANG_WARN_UNREACHABLE_CODE = YES;
				CLANG_WARN__DUPLICATE_METHOD_MATCH = YES;
				COPY_PHASE_STRIP = NO;
				DEBUG_INFORMATION_FORMAT = "dwarf-with-dsym";
				ENABLE_NS_ASSERTIONS = NO;
				ENABLE_STRICT_OBJC_MSGSEND = YES;
				GCC_C_LANGUAGE_STANDARD = gnu11;
				GCC_NO_COMMON_BLOCKS = YES;
				GCC_WARN_64_TO_32_BIT_CONVERSION = YES;
				GCC_WARN_ABOUT_RETURN_TYPE = YES_ERROR;
				GCC_WARN_UNDECLARED_SELECTOR = YES;
				GCC_WARN_UNINITIALIZED_AUTOS = YES_AGGRESSIVE;
				GCC_WARN_UNUSED_FUNCTION = YES;
				GCC_WARN_UNUSED_VARIABLE = YES;
				MTL_ENABLE_DEBUG_INFO = NO;
				MTL_FAST_MATH = YES;
				SWIFT_COMPILATION_MODE = wholemodule;
				SWIFT_OPTIMIZATION_LEVEL = "-O";
			};
			name = Release;
		};
		433D33C228E68DD1001FC3C5 /* Debug */ = {
			isa = XCBuildConfiguration;
			buildSettings = {
				ASSETCATALOG_COMPILER_APPICON_NAME = AppIcon;
				ASSETCATALOG_COMPILER_GLOBAL_ACCENT_COLOR_NAME = AccentColor;
				CODE_SIGN_ENTITLEMENTS = AnimatedTabIcon/AnimatedTabIcon.entitlements;
				CODE_SIGN_STYLE = Automatic;
				CURRENT_PROJECT_VERSION = 1;
				DEVELOPMENT_ASSET_PATHS = "\"AnimatedTabIcon/Preview Content\"";
				DEVELOPMENT_TEAM = 4V37SMT4Q2;
				ENABLE_HARDENED_RUNTIME = YES;
				ENABLE_PREVIEWS = YES;
				GENERATE_INFOPLIST_FILE = YES;
				"INFOPLIST_KEY_UIApplicationSceneManifest_Generation[sdk=iphoneos*]" = YES;
				"INFOPLIST_KEY_UIApplicationSceneManifest_Generation[sdk=iphonesimulator*]" = YES;
				"INFOPLIST_KEY_UIApplicationSupportsIndirectInputEvents[sdk=iphoneos*]" = YES;
				"INFOPLIST_KEY_UIApplicationSupportsIndirectInputEvents[sdk=iphonesimulator*]" = YES;
				"INFOPLIST_KEY_UILaunchScreen_Generation[sdk=iphoneos*]" = YES;
				"INFOPLIST_KEY_UILaunchScreen_Generation[sdk=iphonesimulator*]" = YES;
				"INFOPLIST_KEY_UIStatusBarStyle[sdk=iphoneos*]" = UIStatusBarStyleDefault;
				"INFOPLIST_KEY_UIStatusBarStyle[sdk=iphonesimulator*]" = UIStatusBarStyleDefault;
				INFOPLIST_KEY_UISupportedInterfaceOrientations_iPad = "UIInterfaceOrientationPortrait UIInterfaceOrientationPortraitUpsideDown UIInterfaceOrientationLandscapeLeft UIInterfaceOrientationLandscapeRight";
				INFOPLIST_KEY_UISupportedInterfaceOrientations_iPhone = "UIInterfaceOrientationPortrait UIInterfaceOrientationLandscapeLeft UIInterfaceOrientationLandscapeRight";
				IPHONEOS_DEPLOYMENT_TARGET = 16.0;
				LD_RUNPATH_SEARCH_PATHS = "@executable_path/Frameworks";
				"LD_RUNPATH_SEARCH_PATHS[sdk=macosx*]" = "@executable_path/../Frameworks";
				MACOSX_DEPLOYMENT_TARGET = 12.3;
				MARKETING_VERSION = 1.0;
				PRODUCT_BUNDLE_IDENTIFIER = Ha.AnimatedTabIcon;
				PRODUCT_NAME = "$(TARGET_NAME)";
				SDKROOT = auto;
				SUPPORTED_PLATFORMS = "iphoneos iphonesimulator macosx";
				SWIFT_EMIT_LOC_STRINGS = YES;
				SWIFT_VERSION = 5.0;
				TARGETED_DEVICE_FAMILY = "1,2";
			};
			name = Debug;
		};
		433D33C328E68DD1001FC3C5 /* Release */ = {
			isa = XCBuildConfiguration;
			buildSettings = {
				ASSETCATALOG_COMPILER_APPICON_NAME = AppIcon;
				ASSETCATALOG_COMPILER_GLOBAL_ACCENT_COLOR_NAME = AccentColor;
				CODE_SIGN_ENTITLEMENTS = AnimatedTabIcon/AnimatedTabIcon.entitlements;
				CODE_SIGN_STYLE = Automatic;
				CURRENT_PROJECT_VERSION = 1;
				DEVELOPMENT_ASSET_PATHS = "\"AnimatedTabIcon/Preview Content\"";
				DEVELOPMENT_TEAM = 4V37SMT4Q2;
				ENABLE_HARDENED_RUNTIME = YES;
				ENABLE_PREVIEWS = YES;
				GENERATE_INFOPLIST_FILE = YES;
				"INFOPLIST_KEY_UIApplicationSceneManifest_Generation[sdk=iphoneos*]" = YES;
				"INFOPLIST_KEY_UIApplicationSceneManifest_Generation[sdk=iphonesimulator*]" = YES;
				"INFOPLIST_KEY_UIApplicationSupportsIndirectInputEvents[sdk=iphoneos*]" = YES;
				"INFOPLIST_KEY_UIApplicationSupportsIndirectInputEvents[sdk=iphonesimulator*]" = YES;
				"INFOPLIST_KEY_UILaunchScreen_Generation[sdk=iphoneos*]" = YES;
				"INFOPLIST_KEY_UILaunchScreen_Generation[sdk=iphonesimulator*]" = YES;
				"INFOPLIST_KEY_UIStatusBarStyle[sdk=iphoneos*]" = UIStatusBarStyleDefault;
				"INFOPLIST_KEY_UIStatusBarStyle[sdk=iphonesimulator*]" = UIStatusBarStyleDefault;
				INFOPLIST_KEY_UISupportedInterfaceOrientations_iPad = "UIInterfaceOrientationPortrait UIInterfaceOrientationPortraitUpsideDown UIInterfaceOrientationLandscapeLeft UIInterfaceOrientationLandscapeRight";
				INFOPLIST_KEY_UISupportedInterfaceOrientations_iPhone = "UIInterfaceOrientationPortrait UIInterfaceOrientationLandscapeLeft UIInterfaceOrientationLandscapeRight";
				IPHONEOS_DEPLOYMENT_TARGET = 16.0;
				LD_RUNPATH_SEARCH_PATHS = "@executable_path/Frameworks";
				"LD_RUNPATH_SEARCH_PATHS[sdk=macosx*]" = "@executable_path/../Frameworks";
				MACOSX_DEPLOYMENT_TARGET = 12.3;
				MARKETING_VERSION = 1.0;
				PRODUCT_BUNDLE_IDENTIFIER = Ha.AnimatedTabIcon;
				PRODUCT_NAME = "$(TARGET_NAME)";
				SDKROOT = auto;
				SUPPORTED_PLATFORMS = "iphoneos iphonesimulator macosx";
				SWIFT_EMIT_LOC_STRINGS = YES;
				SWIFT_VERSION = 5.0;
				TARGETED_DEVICE_FAMILY = "1,2";
			};
			name = Release;
		};
		433D33C528E68DD1001FC3C5 /* Debug */ = {
			isa = XCBuildConfiguration;
			buildSettings = {
				ALWAYS_EMBED_SWIFT_STANDARD_LIBRARIES = YES;
				BUNDLE_LOADER = "$(TEST_HOST)";
				CODE_SIGN_STYLE = Automatic;
				CURRENT_PROJECT_VERSION = 1;
				DEVELOPMENT_TEAM = 4V37SMT4Q2;
				GENERATE_INFOPLIST_FILE = YES;
				IPHONEOS_DEPLOYMENT_TARGET = 16.0;
				MACOSX_DEPLOYMENT_TARGET = 12.3;
				MARKETING_VERSION = 1.0;
				PRODUCT_BUNDLE_IDENTIFIER = Ha.AnimatedTabIconTests;
				PRODUCT_NAME = "$(TARGET_NAME)";
				SDKROOT = auto;
				SUPPORTED_PLATFORMS = "iphoneos iphonesimulator macosx";
				SWIFT_EMIT_LOC_STRINGS = NO;
				SWIFT_VERSION = 5.0;
				TARGETED_DEVICE_FAMILY = "1,2";
				TEST_HOST = "$(BUILT_PRODUCTS_DIR)/AnimatedTabIcon.app/$(BUNDLE_EXECUTABLE_FOLDER_PATH)/AnimatedTabIcon";
			};
			name = Debug;
		};
		433D33C628E68DD1001FC3C5 /* Release */ = {
			isa = XCBuildConfiguration;
			buildSettings = {
				ALWAYS_EMBED_SWIFT_STANDARD_LIBRARIES = YES;
				BUNDLE_LOADER = "$(TEST_HOST)";
				CODE_SIGN_STYLE = Automatic;
				CURRENT_PROJECT_VERSION = 1;
				DEVELOPMENT_TEAM = 4V37SMT4Q2;
				GENERATE_INFOPLIST_FILE = YES;
				IPHONEOS_DEPLOYMENT_TARGET = 16.0;
				MACOSX_DEPLOYMENT_TARGET = 12.3;
				MARKETING_VERSION = 1.0;
				PRODUCT_BUNDLE_IDENTIFIER = Ha.AnimatedTabIconTests;
				PRODUCT_NAME = "$(TARGET_NAME)";
				SDKROOT = auto;
				SUPPORTED_PLATFORMS = "iphoneos iphonesimulator macosx";
				SWIFT_EMIT_LOC_STRINGS = NO;
				SWIFT_VERSION = 5.0;
				TARGETED_DEVICE_FAMILY = "1,2";
				TEST_HOST = "$(BUILT_PRODUCTS_DIR)/AnimatedTabIcon.app/$(BUNDLE_EXECUTABLE_FOLDER_PATH)/AnimatedTabIcon";
			};
			name = Release;
		};
		433D33C828E68DD1001FC3C5 /* Debug */ = {
			isa = XCBuildConfiguration;
			buildSettings = {
				ALWAYS_EMBED_SWIFT_STANDARD_LIBRARIES = YES;
				CODE_SIGN_STYLE = Automatic;
				CURRENT_PROJECT_VERSION = 1;
				DEVELOPMENT_TEAM = 4V37SMT4Q2;
				GENERATE_INFOPLIST_FILE = YES;
				IPHONEOS_DEPLOYMENT_TARGET = 16.0;
				MACOSX_DEPLOYMENT_TARGET = 12.3;
				MARKETING_VERSION = 1.0;
				PRODUCT_BUNDLE_IDENTIFIER = Ha.AnimatedTabIconUITests;
				PRODUCT_NAME = "$(TARGET_NAME)";
				SDKROOT = auto;
				SUPPORTED_PLATFORMS = "iphoneos iphonesimulator macosx";
				SWIFT_EMIT_LOC_STRINGS = NO;
				SWIFT_VERSION = 5.0;
				TARGETED_DEVICE_FAMILY = "1,2";
				TEST_TARGET_NAME = AnimatedTabIcon;
			};
			name = Debug;
		};
		433D33C928E68DD1001FC3C5 /* Release */ = {
			isa = XCBuildConfiguration;
			buildSettings = {
				ALWAYS_EMBED_SWIFT_STANDARD_LIBRARIES = YES;
				CODE_SIGN_STYLE = Automatic;
				CURRENT_PROJECT_VERSION = 1;
				DEVELOPMENT_TEAM = 4V37SMT4Q2;
				GENERATE_INFOPLIST_FILE = YES;
				IPHONEOS_DEPLOYMENT_TARGET = 16.0;
				MACOSX_DEPLOYMENT_TARGET = 12.3;
				MARKETING_VERSION = 1.0;
				PRODUCT_BUNDLE_IDENTIFIER = Ha.AnimatedTabIconUITests;
				PRODUCT_NAME = "$(TARGET_NAME)";
				SDKROOT = auto;
				SUPPORTED_PLATFORMS = "iphoneos iphonesimulator macosx";
				SWIFT_EMIT_LOC_STRINGS = NO;
				SWIFT_VERSION = 5.0;
				TARGETED_DEVICE_FAMILY = "1,2";
				TEST_TARGET_NAME = AnimatedTabIcon;
			};
			name = Release;
		};
/* End XCBuildConfiguration section */

/* Begin XCConfigurationList section */
		433D339728E68DCE001FC3C5 /* Build configuration list for PBXProject "AnimatedTabIcon" */ = {
			isa = XCConfigurationList;
			buildConfigurations = (
				433D33BF28E68DD0001FC3C5 /* Debug */,
				433D33C028E68DD1001FC3C5 /* Release */,
			);
			defaultConfigurationIsVisible = 0;
			defaultConfigurationName = Release;
		};
		433D33C128E68DD1001FC3C5 /* Build configuration list for PBXNativeTarget "AnimatedTabIcon" */ = {
			isa = XCConfigurationList;
			buildConfigurations = (
				433D33C228E68DD1001FC3C5 /* Debug */,
				433D33C328E68DD1001FC3C5 /* Release */,
			);
			defaultConfigurationIsVisible = 0;
			defaultConfigurationName = Release;
		};
		433D33C428E68DD1001FC3C5 /* Build configuration list for PBXNativeTarget "AnimatedTabIconTests" */ = {
			isa = XCConfigurationList;
			buildConfigurations = (
				433D33C528E68DD1001FC3C5 /* Debug */,
				433D33C628E68DD1001FC3C5 /* Release */,
			);
			defaultConfigurationIsVisible = 0;
			defaultConfigurationName = Release;
		};
		433D33C728E68DD1001FC3C5 /* Build configuration list for PBXNativeTarget "AnimatedTabIconUITests" */ = {
			isa = XCConfigurationList;
			buildConfigurations = (
				433D33C828E68DD1001FC3C5 /* Debug */,
				433D33C928E68DD1001FC3C5 /* Release */,
			);
			defaultConfigurationIsVisible = 0;
			defaultConfigurationName = Release;
		};
/* End XCConfigurationList section */
	};
	rootObject = 433D339428E68DCE001FC3C5 /* Project object */;
}
